{
  "name": "plaza-omega",
  "version": "0.0.0",
  "lockfileVersion": 1,
  "requires": true,
  "dependencies": {
    "redux-duck": {
      "version": "1.0.2",
      "resolved": "https://registry.npmjs.org/redux-duck/-/redux-duck-1.0.2.tgz",
      "integrity": "sha1-KsDGPi4aSz1AnnyHIgVpC26lM4A="
    }
  }
}
